
Microsoft Visual Studio Solution File, Format Version 12.00
# Visual Studio Version 17
VisualStudioVersion = 17.11.35312.102
MinimumVisualStudioVersion = 10.0.40219.1
Project("{9A19103F-16F7-4668-BE54-9A1E7A4F7556}") = "NewNotificationMicroservice.Web", "NewNotificationMicroservice.Web\NewNotificationMicroservice.Web.csproj", "{53FABCC4-54A6-4058-9C6D-9D81F9808AA6}"
EndProject
Project("{2150E333-8FDC-42A3-9474-1A3956D46DE8}") = "Domain", "Domain", "{2FD34305-8791-4F61-B57D-16CE1BDD755E}"
EndProject
Project("{2150E333-8FDC-42A3-9474-1A3956D46DE8}") = "Application", "Application", "{F0EC5A5B-245A-436F-8593-B31010147A8C}"
EndProject
Project("{2150E333-8FDC-42A3-9474-1A3956D46DE8}") = "Presentation", "Presentation", "{F40FA690-E8F3-4991-92A0-DC4F3689026F}"
EndProject
Project("{2150E333-8FDC-42A3-9474-1A3956D46DE8}") = "Infrastructure", "Infrastructure", "{ACB76458-B8F2-4C6C-ADB5-EBF39F5C1AC6}"
EndProject
Project("{9A19103F-16F7-4668-BE54-9A1E7A4F7556}") = "NewNotificationMicroservice.Domain.Entities", "NewNotificationMicroservice.Domain.Entities\NewNotificationMicroservice.Domain.Entities.csproj", "{44AA12C0-A5F9-4D8F-8468-B3872C3DEEE3}"
EndProject
Project("{9A19103F-16F7-4668-BE54-9A1E7A4F7556}") = "NewNotificationMicroservice.Domain.ValueObjects", "NewNotificationMicroservice.Domain.ValueObjects\NewNotificationMicroservice.Domain.ValueObjects.csproj", "{400FDAA4-986F-47C9-A741-7E3196AF3813}"
EndProject
Project("{9A19103F-16F7-4668-BE54-9A1E7A4F7556}") = "NewNotificationMicroservice.Domain.Repositories.Abstractions", "NewNotificationMicroservice.Domain.Repositories.Abstractions\NewNotificationMicroservice.Domain.Repositories.Abstractions.csproj", "{53FEAF4A-0FB1-44A8-BCA0-B134FA0D0122}"
EndProject
Project("{9A19103F-16F7-4668-BE54-9A1E7A4F7556}") = "NewNotificationMicroservice.Domain.ValueObjects.Abstractions", "NewNotificationMicroservice.Domain.ValueObjects.Abstractions\NewNotificationMicroservice.Domain.ValueObjects.Abstractions.csproj", "{4BF1E0FF-8076-4DD1-9E8D-253EFCB9FBF3}"
EndProject
Project("{9A19103F-16F7-4668-BE54-9A1E7A4F7556}") = "NewNotificationMicroservice.Infrastructure.EntityFramework", "NewNotificationMicroservice.Infrastructure.EntityFramework\NewNotificationMicroservice.Infrastructure.EntityFramework.csproj", "{0A99C597-C5CD-47EB-8022-7C5BCFF4949F}"
EndProject
Project("{9A19103F-16F7-4668-BE54-9A1E7A4F7556}") = "NewNotificationMicroservice.Infrastructure.Repositories.Implementations", "NewNotificationMicroservice.Infrastructure.Repositories.Implementations\NewNotificationMicroservice.Infrastructure.Repositories.Implementations.csproj", "{CFE99A0C-B31C-4835-89F7-0D00576A2D13}"
EndProject
Project("{9A19103F-16F7-4668-BE54-9A1E7A4F7556}") = "NewNotificationMicroservice.Infrastructure.RabbitMQ", "NewNotificationMicroservice.Infrastructure.RabbitMQ\NewNotificationMicroservice.Infrastructure.RabbitMQ.csproj", "{613C533C-FC99-47EA-8EB8-50799887DBFE}"
EndProject
Project("{9A19103F-16F7-4668-BE54-9A1E7A4F7556}") = "NewNotificationMicroservice.Application.Models", "NewNotificationMicroservice.Application.Models\NewNotificationMicroservice.Application.Models.csproj", "{55BB354D-AC46-48AF-B7B1-1DB133C2FF65}"
EndProject
Project("{9A19103F-16F7-4668-BE54-9A1E7A4F7556}") = "NewNotificationMicroservice.Application.Services.Abstractions", "NewNotificationMicroservice.Application.Abstractions\NewNotificationMicroservice.Application.Services.Abstractions.csproj", "{4E9D0584-3C14-4ACA-B0CA-1F70B5A46080}"
EndProject
Project("{2150E333-8FDC-42A3-9474-1A3956D46DE8}") = "Common", "Common", "{DF6A2784-B4C3-4C28-AE17-0F2BB3F8A34F}"
EndProject
Project("{9A19103F-16F7-4668-BE54-9A1E7A4F7556}") = "NewNotificationMicroservice.Common.Infrastructure.Queues.Abstraction", "NewNotificationMicroservice.Common.Infrastructure.Queue.Abstraction\NewNotificationMicroservice.Common.Infrastructure.Queues.Abstraction.csproj", "{5E207A24-B14B-44F2-A022-2C97082AF574}"
EndProject
Project("{9A19103F-16F7-4668-BE54-9A1E7A4F7556}") = "NewNotificationMicroservice.Infrastructure.Queues.Implementations", "NewNotificationMicroservice.Infrastructure.Queues.Implementations\NewNotificationMicroservice.Infrastructure.Queues.Implementations.csproj", "{F5F4EDAA-2CDF-4468-80DA-7724A4494B7D}"
EndProject
Project("{9A19103F-16F7-4668-BE54-9A1E7A4F7556}") = "NewNotificationMicroservice.Application.Services", "NewNotificationMicroservice.Application.Services\NewNotificationMicroservice.Application.Services.csproj", "{916A635A-A119-4C69-8707-698C7B8C9991}"
EndProject
Project("{9A19103F-16F7-4668-BE54-9A1E7A4F7556}") = "NewNotificationMicroservice.Infrastructure.MediatR", "NewNotificationMicroservice.Infrastructure.MediatR\NewNotificationMicroservice.Infrastructure.MediatR.csproj", "{C011249A-03ED-4F06-B2D3-95674BC3A904}"
EndProject
Project("{2150E333-8FDC-42A3-9474-1A3956D46DE8}") = "docker", "docker", "{5C621873-CA9E-4A2F-A870-29AAD8ADAD1B}"
	ProjectSection(SolutionItems) = preProject
		.dockerignore = .dockerignore
		.env = .env
		docker-compose.yml = docker-compose.yml
	EndProjectSection
EndProject
Global
	GlobalSection(SolutionConfigurationPlatforms) = preSolution
		Debug|Any CPU = Debug|Any CPU
		Release|Any CPU = Release|Any CPU
	EndGlobalSection
	GlobalSection(ProjectConfigurationPlatforms) = postSolution
		{53FABCC4-54A6-4058-9C6D-9D81F9808AA6}.Debug|Any CPU.ActiveCfg = Debug|Any CPU
		{53FABCC4-54A6-4058-9C6D-9D81F9808AA6}.Debug|Any CPU.Build.0 = Debug|Any CPU
		{53FABCC4-54A6-4058-9C6D-9D81F9808AA6}.Release|Any CPU.ActiveCfg = Release|Any CPU
		{53FABCC4-54A6-4058-9C6D-9D81F9808AA6}.Release|Any CPU.Build.0 = Release|Any CPU
		{44AA12C0-A5F9-4D8F-8468-B3872C3DEEE3}.Debug|Any CPU.ActiveCfg = Debug|Any CPU
		{44AA12C0-A5F9-4D8F-8468-B3872C3DEEE3}.Debug|Any CPU.Build.0 = Debug|Any CPU
		{44AA12C0-A5F9-4D8F-8468-B3872C3DEEE3}.Release|Any CPU.ActiveCfg = Release|Any CPU
		{44AA12C0-A5F9-4D8F-8468-B3872C3DEEE3}.Release|Any CPU.Build.0 = Release|Any CPU
		{400FDAA4-986F-47C9-A741-7E3196AF3813}.Debug|Any CPU.ActiveCfg = Debug|Any CPU
		{400FDAA4-986F-47C9-A741-7E3196AF3813}.Debug|Any CPU.Build.0 = Debug|Any CPU
		{400FDAA4-986F-47C9-A741-7E3196AF3813}.Release|Any CPU.ActiveCfg = Release|Any CPU
		{400FDAA4-986F-47C9-A741-7E3196AF3813}.Release|Any CPU.Build.0 = Release|Any CPU
		{53FEAF4A-0FB1-44A8-BCA0-B134FA0D0122}.Debug|Any CPU.ActiveCfg = Debug|Any CPU
		{53FEAF4A-0FB1-44A8-BCA0-B134FA0D0122}.Debug|Any CPU.Build.0 = Debug|Any CPU
		{53FEAF4A-0FB1-44A8-BCA0-B134FA0D0122}.Release|Any CPU.ActiveCfg = Release|Any CPU
		{53FEAF4A-0FB1-44A8-BCA0-B134FA0D0122}.Release|Any CPU.Build.0 = Release|Any CPU
		{4BF1E0FF-8076-4DD1-9E8D-253EFCB9FBF3}.Debug|Any CPU.ActiveCfg = Debug|Any CPU
		{4BF1E0FF-8076-4DD1-9E8D-253EFCB9FBF3}.Debug|Any CPU.Build.0 = Debug|Any CPU
		{4BF1E0FF-8076-4DD1-9E8D-253EFCB9FBF3}.Release|Any CPU.ActiveCfg = Release|Any CPU
		{4BF1E0FF-8076-4DD1-9E8D-253EFCB9FBF3}.Release|Any CPU.Build.0 = Release|Any CPU
		{0A99C597-C5CD-47EB-8022-7C5BCFF4949F}.Debug|Any CPU.ActiveCfg = Debug|Any CPU
		{0A99C597-C5CD-47EB-8022-7C5BCFF4949F}.Debug|Any CPU.Build.0 = Debug|Any CPU
		{0A99C597-C5CD-47EB-8022-7C5BCFF4949F}.Release|Any CPU.ActiveCfg = Release|Any CPU
		{0A99C597-C5CD-47EB-8022-7C5BCFF4949F}.Release|Any CPU.Build.0 = Release|Any CPU
		{CFE99A0C-B31C-4835-89F7-0D00576A2D13}.Debug|Any CPU.ActiveCfg = Debug|Any CPU
		{CFE99A0C-B31C-4835-89F7-0D00576A2D13}.Debug|Any CPU.Build.0 = Debug|Any CPU
		{CFE99A0C-B31C-4835-89F7-0D00576A2D13}.Release|Any CPU.ActiveCfg = Release|Any CPU
		{CFE99A0C-B31C-4835-89F7-0D00576A2D13}.Release|Any CPU.Build.0 = Release|Any CPU
		{613C533C-FC99-47EA-8EB8-50799887DBFE}.Debug|Any CPU.ActiveCfg = Debug|Any CPU
		{613C533C-FC99-47EA-8EB8-50799887DBFE}.Debug|Any CPU.Build.0 = Debug|Any CPU
		{613C533C-FC99-47EA-8EB8-50799887DBFE}.Release|Any CPU.ActiveCfg = Release|Any CPU
		{613C533C-FC99-47EA-8EB8-50799887DBFE}.Release|Any CPU.Build.0 = Release|Any CPU
		{55BB354D-AC46-48AF-B7B1-1DB133C2FF65}.Debug|Any CPU.ActiveCfg = Debug|Any CPU
		{55BB354D-AC46-48AF-B7B1-1DB133C2FF65}.Debug|Any CPU.Build.0 = Debug|Any CPU
		{55BB354D-AC46-48AF-B7B1-1DB133C2FF65}.Release|Any CPU.ActiveCfg = Release|Any CPU
		{55BB354D-AC46-48AF-B7B1-1DB133C2FF65}.Release|Any CPU.Build.0 = Release|Any CPU
		{4E9D0584-3C14-4ACA-B0CA-1F70B5A46080}.Debug|Any CPU.ActiveCfg = Debug|Any CPU
		{4E9D0584-3C14-4ACA-B0CA-1F70B5A46080}.Debug|Any CPU.Build.0 = Debug|Any CPU
		{4E9D0584-3C14-4ACA-B0CA-1F70B5A46080}.Release|Any CPU.ActiveCfg = Release|Any CPU
		{4E9D0584-3C14-4ACA-B0CA-1F70B5A46080}.Release|Any CPU.Build.0 = Release|Any CPU
		{5E207A24-B14B-44F2-A022-2C97082AF574}.Debug|Any CPU.ActiveCfg = Debug|Any CPU
		{5E207A24-B14B-44F2-A022-2C97082AF574}.Debug|Any CPU.Build.0 = Debug|Any CPU
		{5E207A24-B14B-44F2-A022-2C97082AF574}.Release|Any CPU.ActiveCfg = Release|Any CPU
		{5E207A24-B14B-44F2-A022-2C97082AF574}.Release|Any CPU.Build.0 = Release|Any CPU
		{F5F4EDAA-2CDF-4468-80DA-7724A4494B7D}.Debug|Any CPU.ActiveCfg = Debug|Any CPU
		{F5F4EDAA-2CDF-4468-80DA-7724A4494B7D}.Debug|Any CPU.Build.0 = Debug|Any CPU
		{F5F4EDAA-2CDF-4468-80DA-7724A4494B7D}.Release|Any CPU.ActiveCfg = Release|Any CPU
		{F5F4EDAA-2CDF-4468-80DA-7724A4494B7D}.Release|Any CPU.Build.0 = Release|Any CPU
		{916A635A-A119-4C69-8707-698C7B8C9991}.Debug|Any CPU.ActiveCfg = Debug|Any CPU
		{916A635A-A119-4C69-8707-698C7B8C9991}.Debug|Any CPU.Build.0 = Debug|Any CPU
		{916A635A-A119-4C69-8707-698C7B8C9991}.Release|Any CPU.ActiveCfg = Release|Any CPU
		{916A635A-A119-4C69-8707-698C7B8C9991}.Release|Any CPU.Build.0 = Release|Any CPU
		{C011249A-03ED-4F06-B2D3-95674BC3A904}.Debug|Any CPU.ActiveCfg = Debug|Any CPU
		{C011249A-03ED-4F06-B2D3-95674BC3A904}.Debug|Any CPU.Build.0 = Debug|Any CPU
		{C011249A-03ED-4F06-B2D3-95674BC3A904}.Release|Any CPU.ActiveCfg = Release|Any CPU
		{C011249A-03ED-4F06-B2D3-95674BC3A904}.Release|Any CPU.Build.0 = Release|Any CPU
	EndGlobalSection
	GlobalSection(SolutionProperties) = preSolution
		HideSolutionNode = FALSE
	EndGlobalSection
	GlobalSection(NestedProjects) = preSolution
		{53FABCC4-54A6-4058-9C6D-9D81F9808AA6} = {F40FA690-E8F3-4991-92A0-DC4F3689026F}
		{44AA12C0-A5F9-4D8F-8468-B3872C3DEEE3} = {2FD34305-8791-4F61-B57D-16CE1BDD755E}
		{400FDAA4-986F-47C9-A741-7E3196AF3813} = {2FD34305-8791-4F61-B57D-16CE1BDD755E}
		{53FEAF4A-0FB1-44A8-BCA0-B134FA0D0122} = {2FD34305-8791-4F61-B57D-16CE1BDD755E}
		{4BF1E0FF-8076-4DD1-9E8D-253EFCB9FBF3} = {2FD34305-8791-4F61-B57D-16CE1BDD755E}
		{0A99C597-C5CD-47EB-8022-7C5BCFF4949F} = {ACB76458-B8F2-4C6C-ADB5-EBF39F5C1AC6}
		{CFE99A0C-B31C-4835-89F7-0D00576A2D13} = {ACB76458-B8F2-4C6C-ADB5-EBF39F5C1AC6}
		{613C533C-FC99-47EA-8EB8-50799887DBFE} = {ACB76458-B8F2-4C6C-ADB5-EBF39F5C1AC6}
		{55BB354D-AC46-48AF-B7B1-1DB133C2FF65} = {F0EC5A5B-245A-436F-8593-B31010147A8C}
		{4E9D0584-3C14-4ACA-B0CA-1F70B5A46080} = {F0EC5A5B-245A-436F-8593-B31010147A8C}
		{5E207A24-B14B-44F2-A022-2C97082AF574} = {DF6A2784-B4C3-4C28-AE17-0F2BB3F8A34F}
		{F5F4EDAA-2CDF-4468-80DA-7724A4494B7D} = {ACB76458-B8F2-4C6C-ADB5-EBF39F5C1AC6}
		{916A635A-A119-4C69-8707-698C7B8C9991} = {F0EC5A5B-245A-436F-8593-B31010147A8C}
		{C011249A-03ED-4F06-B2D3-95674BC3A904} = {ACB76458-B8F2-4C6C-ADB5-EBF39F5C1AC6}
	EndGlobalSection
	GlobalSection(ExtensibilityGlobals) = postSolution
		SolutionGuid = {2FB63E06-69E9-4D37-875B-1B70FF97E3DB}
	EndGlobalSection
EndGlobal
